
Microsoft Visual Studio Solution File, Format Version 12.00
# Visual Studio 15
VisualStudioVersion = 15.0.27428.2037
MinimumVisualStudioVersion = 10.0.40219.1
Project("{FAE04EC0-301F-11D3-BF4B-00C04F79EFBC}") = "Lab 12", "Lab 12\Lab 12.csproj", "{341F16F8-EEB4-4D90-AAA4-5325EAA91D97}"
EndProject
Global
	GlobalSection(SolutionConfigurationPlatforms) = preSolution
		Debug|Any CPU = Debug|Any CPU
		Release|Any CPU = Release|Any CPU
	EndGlobalSection
	GlobalSection(ProjectConfigurationPlatforms) = postSolution
		{341F16F8-EEB4-4D90-AAA4-5325EAA91D97}.Debug|Any CPU.ActiveCfg = Debug|Any CPU
		{341F16F8-EEB4-4D90-AAA4-5325EAA91D97}.Debug|Any CPU.Build.0 = Debug|Any CPU
		{341F16F8-EEB4-4D90-AAA4-5325EAA91D97}.Release|Any CPU.ActiveCfg = Release|Any CPU
		{341F16F8-EEB4-4D90-AAA4-5325EAA91D97}.Release|Any CPU.Build.0 = Release|Any CPU
	EndGlobalSection
	GlobalSection(SolutionProperties) = preSolution
		HideSolutionNode = FALSE
	EndGlobalSection
	GlobalSection(ExtensibilityGlobals) = postSolution
		SolutionGuid = {3DDAFB21-7334-4A3B-A4D3-593B5F358D41}
	EndGlobalSection
EndGlobal
